// !$*UTF8*$!
{
	archiveVersion = 1;
	classes = {
	};
	objectVersion = 56;
	objects = {

/* Begin PBXBuildFile section */
		692233E82A6642F300A15B05 /* LoginView.swift in Sources */ = {isa = PBXBuildFile; fileRef = 692233E72A6642F300A15B05 /* LoginView.swift */; };
		692233EA2A66445800A15B05 /* SignupView.swift in Sources */ = {isa = PBXBuildFile; fileRef = 692233E92A66445800A15B05 /* SignupView.swift */; };
		692233ED2A677F1100A15B05 /* AccountView.swift in Sources */ = {isa = PBXBuildFile; fileRef = 692233EC2A677F1100A15B05 /* AccountView.swift */; };
		692233F12A67826A00A15B05 /* BecomeHostView.swift in Sources */ = {isa = PBXBuildFile; fileRef = 692233F02A67826A00A15B05 /* BecomeHostView.swift */; };
		692233F32A6782BB00A15B05 /* ContactSupportView.swift in Sources */ = {isa = PBXBuildFile; fileRef = 692233F22A6782BB00A15B05 /* ContactSupportView.swift */; };
		69791BF72A661EE400B81B38 /* MainTabView.swift in Sources */ = {isa = PBXBuildFile; fileRef = 69791BF62A661EE400B81B38 /* MainTabView.swift */; };
		69791C032A66263F00B81B38 /* SignupLoginView.swift in Sources */ = {isa = PBXBuildFile; fileRef = 69791C022A66263F00B81B38 /* SignupLoginView.swift */; };
		69ABB24D2A65EF010067548A /* NevroApp.swift in Sources */ = {isa = PBXBuildFile; fileRef = 69ABB24C2A65EF010067548A /* NevroApp.swift */; };
		69ABB24F2A65EF010067548A /* ContentView.swift in Sources */ = {isa = PBXBuildFile; fileRef = 69ABB24E2A65EF010067548A /* ContentView.swift */; };
		69ABB2512A65EF020067548A /* Assets.xcassets in Resources */ = {isa = PBXBuildFile; fileRef = 69ABB2502A65EF020067548A /* Assets.xcassets */; };
		69ABB2542A65EF020067548A /* Preview Assets.xcassets in Resources */ = {isa = PBXBuildFile; fileRef = 69ABB2532A65EF020067548A /* Preview Assets.xcassets */; };
		69ABB25D2A65F4330067548A /* SearchView.swift in Sources */ = {isa = PBXBuildFile; fileRef = 69ABB25C2A65F4330067548A /* SearchView.swift */; };
		69ABB25F2A65F4460067548A /* FavoritesView.swift in Sources */ = {isa = PBXBuildFile; fileRef = 69ABB25E2A65F4460067548A /* FavoritesView.swift */; };
		69ABB2632A65F4750067548A /* TripsView.swift in Sources */ = {isa = PBXBuildFile; fileRef = 69ABB2622A65F4750067548A /* TripsView.swift */; };
		69ABB2652A65F4870067548A /* InboxView.swift in Sources */ = {isa = PBXBuildFile; fileRef = 69ABB2642A65F4870067548A /* InboxView.swift */; };
		69ABB2672A65F49D0067548A /* MoreView.swift in Sources */ = {isa = PBXBuildFile; fileRef = 69ABB2662A65F49D0067548A /* MoreView.swift */; };
/* End PBXBuildFile section */

/* Begin PBXFileReference section */
		692233E72A6642F300A15B05 /* LoginView.swift */ = {isa = PBXFileReference; lastKnownFileType = sourcecode.swift; path = LoginView.swift; sourceTree = "<group>"; };
		692233E92A66445800A15B05 /* SignupView.swift */ = {isa = PBXFileReference; lastKnownFileType = sourcecode.swift; path = SignupView.swift; sourceTree = "<group>"; };
		692233EC2A677F1100A15B05 /* AccountView.swift */ = {isa = PBXFileReference; lastKnownFileType = sourcecode.swift; path = AccountView.swift; sourceTree = "<group>"; };
		692233F02A67826A00A15B05 /* BecomeHostView.swift */ = {isa = PBXFileReference; lastKnownFileType = sourcecode.swift; path = BecomeHostView.swift; sourceTree = "<group>"; };
		692233F22A6782BB00A15B05 /* ContactSupportView.swift */ = {isa = PBXFileReference; lastKnownFileType = sourcecode.swift; path = ContactSupportView.swift; sourceTree = "<group>"; };
		69791BF62A661EE400B81B38 /* MainTabView.swift */ = {isa = PBXFileReference; lastKnownFileType = sourcecode.swift; path = MainTabView.swift; sourceTree = "<group>"; };
		69791C022A66263F00B81B38 /* SignupLoginView.swift */ = {isa = PBXFileReference; lastKnownFileType = sourcecode.swift; path = SignupLoginView.swift; sourceTree = "<group>"; };
		69ABB2492A65EF010067548A /* Nevro.app */ = {isa = PBXFileReference; explicitFileType = wrapper.application; includeInIndex = 0; path = Nevro.app; sourceTree = BUILT_PRODUCTS_DIR; };
		69ABB24C2A65EF010067548A /* NevroApp.swift */ = {isa = PBXFileReference; lastKnownFileType = sourcecode.swift; path = NevroApp.swift; sourceTree = "<group>"; };
		69ABB24E2A65EF010067548A /* ContentView.swift */ = {isa = PBXFileReference; lastKnownFileType = sourcecode.swift; path = ContentView.swift; sourceTree = "<group>"; };
		69ABB2502A65EF020067548A /* Assets.xcassets */ = {isa = PBXFileReference; lastKnownFileType = folder.assetcatalog; path = Assets.xcassets; sourceTree = "<group>"; };
		69ABB2532A65EF020067548A /* Preview Assets.xcassets */ = {isa = PBXFileReference; lastKnownFileType = folder.assetcatalog; path = "Preview Assets.xcassets"; sourceTree = "<group>"; };
		69ABB25C2A65F4330067548A /* SearchView.swift */ = {isa = PBXFileReference; lastKnownFileType = sourcecode.swift; path = SearchView.swift; sourceTree = "<group>"; };
		69ABB25E2A65F4460067548A /* FavoritesView.swift */ = {isa = PBXFileReference; lastKnownFileType = sourcecode.swift; path = FavoritesView.swift; sourceTree = "<group>"; };
		69ABB2622A65F4750067548A /* TripsView.swift */ = {isa = PBXFileReference; lastKnownFileType = sourcecode.swift; path = TripsView.swift; sourceTree = "<group>"; };
		69ABB2642A65F4870067548A /* InboxView.swift */ = {isa = PBXFileReference; lastKnownFileType = sourcecode.swift; path = InboxView.swift; sourceTree = "<group>"; };
		69ABB2662A65F49D0067548A /* MoreView.swift */ = {isa = PBXFileReference; lastKnownFileType = sourcecode.swift; path = MoreView.swift; sourceTree = "<group>"; };
/* End PBXFileReference section */

/* Begin PBXFrameworksBuildPhase section */
		69ABB2462A65EF010067548A /* Frameworks */ = {
			isa = PBXFrameworksBuildPhase;
			buildActionMask = 2147483647;
			files = (
			);
			runOnlyForDeploymentPostprocessing = 0;
		};
/* End PBXFrameworksBuildPhase section */

/* Begin PBXGroup section */
		692233EB2A677EEE00A15B05 /* Account */ = {
			isa = PBXGroup;
			children = (
				692233EC2A677F1100A15B05 /* AccountView.swift */,
			);
			path = Account;
			sourceTree = "<group>";
		};
		692233EE2A67823B00A15B05 /* BecomeHost */ = {
			isa = PBXGroup;
			children = (
				692233F02A67826A00A15B05 /* BecomeHostView.swift */,
			);
			path = BecomeHost;
			sourceTree = "<group>";
		};
		692233EF2A67824B00A15B05 /* ContactSupport */ = {
			isa = PBXGroup;
			children = (
				692233F22A6782BB00A15B05 /* ContactSupportView.swift */,
			);
			path = ContactSupport;
			sourceTree = "<group>";
		};
		69791BF42A661E7A00B81B38 /* Core */ = {
			isa = PBXGroup;
			children = (
				692233EF2A67824B00A15B05 /* ContactSupport */,
				692233EE2A67823B00A15B05 /* BecomeHost */,
				692233EB2A677EEE00A15B05 /* Account */,
				69791BFD2A66231C00B81B38 /* Search */,
				69791BFF2A66237500B81B38 /* Trips */,
				69791C002A66239A00B81B38 /* Inbox */,
				69791BFE2A66232500B81B38 /* Favorites */,
				69791BF92A66219D00B81B38 /* Authentication */,
				69791C012A6623DC00B81B38 /* More */,
				69791BF52A661EBA00B81B38 /* TabBar */,
			);
			path = Core;
			sourceTree = "<group>";
		};
		69791BF52A661EBA00B81B38 /* TabBar */ = {
			isa = PBXGroup;
			children = (
				69791BF62A661EE400B81B38 /* MainTabView.swift */,
			);
			path = TabBar;
			sourceTree = "<group>";
		};
		69791BF82A661F0200B81B38 /* App */ = {
			isa = PBXGroup;
			children = (
				69ABB24C2A65EF010067548A /* NevroApp.swift */,
			);
			path = App;
			sourceTree = "<group>";
		};
		69791BF92A66219D00B81B38 /* Authentication */ = {
			isa = PBXGroup;
			children = (
				69791C022A66263F00B81B38 /* SignupLoginView.swift */,
				692233E72A6642F300A15B05 /* LoginView.swift */,
				692233E92A66445800A15B05 /* SignupView.swift */,
			);
			path = Authentication;
			sourceTree = "<group>";
		};
		69791BFC2A6622EA00B81B38 /* Services */ = {
			isa = PBXGroup;
			children = (
				69ABB24E2A65EF010067548A /* ContentView.swift */,
			);
			path = Services;
			sourceTree = "<group>";
		};
		69791BFD2A66231C00B81B38 /* Search */ = {
			isa = PBXGroup;
			children = (
				69ABB25C2A65F4330067548A /* SearchView.swift */,
			);
			path = Search;
			sourceTree = "<group>";
		};
		69791BFE2A66232500B81B38 /* Favorites */ = {
			isa = PBXGroup;
			children = (
				69ABB25E2A65F4460067548A /* FavoritesView.swift */,
			);
			path = Favorites;
			sourceTree = "<group>";
		};
		69791BFF2A66237500B81B38 /* Trips */ = {
			isa = PBXGroup;
			children = (
				69ABB2622A65F4750067548A /* TripsView.swift */,
			);
			path = Trips;
			sourceTree = "<group>";
		};
		69791C002A66239A00B81B38 /* Inbox */ = {
			isa = PBXGroup;
			children = (
				69ABB2642A65F4870067548A /* InboxView.swift */,
			);
			path = Inbox;
			sourceTree = "<group>";
		};
		69791C012A6623DC00B81B38 /* More */ = {
			isa = PBXGroup;
			children = (
				69ABB2662A65F49D0067548A /* MoreView.swift */,
			);
			path = More;
			sourceTree = "<group>";
		};
		69ABB2402A65EF010067548A = {
			isa = PBXGroup;
			children = (
				69ABB24B2A65EF010067548A /* Nevro */,
				69ABB24A2A65EF010067548A /* Products */,
			);
			sourceTree = "<group>";
		};
		69ABB24A2A65EF010067548A /* Products */ = {
			isa = PBXGroup;
			children = (
				69ABB2492A65EF010067548A /* Nevro.app */,
			);
			name = Products;
			sourceTree = "<group>";
		};
		69ABB24B2A65EF010067548A /* Nevro */ = {
			isa = PBXGroup;
			children = (
				69791BF82A661F0200B81B38 /* App */,
				69791BF42A661E7A00B81B38 /* Core */,
				69791BFC2A6622EA00B81B38 /* Services */,
				69ABB2502A65EF020067548A /* Assets.xcassets */,
				69ABB2682A65FAAB0067548A /* Fonts */,
				69ABB2522A65EF020067548A /* Preview Content */,
			);
			path = Nevro;
			sourceTree = "<group>";
		};
		69ABB2522A65EF020067548A /* Preview Content */ = {
			isa = PBXGroup;
			children = (
				69ABB2532A65EF020067548A /* Preview Assets.xcassets */,
			);
			path = "Preview Content";
			sourceTree = "<group>";
		};
		69ABB2682A65FAAB0067548A /* Fonts */ = {
			isa = PBXGroup;
			children = (
			);
			path = Fonts;
			sourceTree = "<group>";
		};
/* End PBXGroup section */

/* Begin PBXNativeTarget section */
		69ABB2482A65EF010067548A /* Nevro */ = {
			isa = PBXNativeTarget;
			buildConfigurationList = 69ABB2572A65EF020067548A /* Build configuration list for PBXNativeTarget "Nevro" */;
			buildPhases = (
				69ABB2452A65EF010067548A /* Sources */,
				69ABB2462A65EF010067548A /* Frameworks */,
				69ABB2472A65EF010067548A /* Resources */,
			);
			buildRules = (
			);
			dependencies = (
			);
			name = Nevro;
			productName = Nevro;
			productReference = 69ABB2492A65EF010067548A /* Nevro.app */;
			productType = "com.apple.product-type.application";
		};
/* End PBXNativeTarget section */

/* Begin PBXProject section */
		69ABB2412A65EF010067548A /* Project object */ = {
			isa = PBXProject;
			attributes = {
				BuildIndependentTargetsInParallel = 1;
				LastSwiftUpdateCheck = 1430;
				LastUpgradeCheck = 1430;
				TargetAttributes = {
					69ABB2482A65EF010067548A = {
						CreatedOnToolsVersion = 14.3.1;
					};
				};
			};
			buildConfigurationList = 69ABB2442A65EF010067548A /* Build configuration list for PBXProject "Nevro" */;
			compatibilityVersion = "Xcode 14.0";
			developmentRegion = en;
			hasScannedForEncodings = 0;
			knownRegions = (
				en,
				Base,
			);
			mainGroup = 69ABB2402A65EF010067548A;
			productRefGroup = 69ABB24A2A65EF010067548A /* Products */;
			projectDirPath = "";
			projectRoot = "";
			targets = (
				69ABB2482A65EF010067548A /* Nevro */,
			);
		};
/* End PBXProject section */

/* Begin PBXResourcesBuildPhase section */
		69ABB2472A65EF010067548A /* Resources */ = {
			isa = PBXResourcesBuildPhase;
			buildActionMask = 2147483647;
			files = (
				69ABB2542A65EF020067548A /* Preview Assets.xcassets in Resources */,
				69ABB2512A65EF020067548A /* Assets.xcassets in Resources */,
			);
			runOnlyForDeploymentPostprocessing = 0;
		};
/* End PBXResourcesBuildPhase section */

/* Begin PBXSourcesBuildPhase section */
		69ABB2452A65EF010067548A /* Sources */ = {
			isa = PBXSourcesBuildPhase;
			buildActionMask = 2147483647;
			files = (
				692233ED2A677F1100A15B05 /* AccountView.swift in Sources */,
				692233F12A67826A00A15B05 /* BecomeHostView.swift in Sources */,
				69ABB2672A65F49D0067548A /* MoreView.swift in Sources */,
				69ABB2632A65F4750067548A /* TripsView.swift in Sources */,
				69ABB2652A65F4870067548A /* InboxView.swift in Sources */,
				69791C032A66263F00B81B38 /* SignupLoginView.swift in Sources */,
				69791BF72A661EE400B81B38 /* MainTabView.swift in Sources */,
				69ABB25F2A65F4460067548A /* FavoritesView.swift in Sources */,
				69ABB24F2A65EF010067548A /* ContentView.swift in Sources */,
				692233F32A6782BB00A15B05 /* ContactSupportView.swift in Sources */,
				692233E82A6642F300A15B05 /* LoginView.swift in Sources */,
				69ABB25D2A65F4330067548A /* SearchView.swift in Sources */,
				692233EA2A66445800A15B05 /* SignupView.swift in Sources */,
				69ABB24D2A65EF010067548A /* NevroApp.swift in Sources */,
			);
			runOnlyForDeploymentPostprocessing = 0;
		};
/* End PBXSourcesBuildPhase section */

/* Begin XCBuildConfiguration section */
		69ABB2552A65EF020067548A /* Debug */ = {
			isa = XCBuildConfiguration;
			buildSettings = {
				ALWAYS_SEARCH_USER_PATHS = NO;
				CLANG_ANALYZER_NONNULL = YES;
				CLANG_ANALYZER_NUMBER_OBJECT_CONVERSION = YES_AGGRESSIVE;
				CLANG_CXX_LANGUAGE_STANDARD = "gnu++20";
				CLANG_ENABLE_MODULES = YES;
				CLANG_ENABLE_OBJC_ARC = YES;
				CLANG_ENABLE_OBJC_WEAK = YES;
				CLANG_WARN_BLOCK_CAPTURE_AUTORELEASING = YES;
				CLANG_WARN_BOOL_CONVERSION = YES;
				CLANG_WARN_COMMA = YES;
				CLANG_WARN_CONSTANT_CONVERSION = YES;
				CLANG_WARN_DEPRECATED_OBJC_IMPLEMENTATIONS = YES;
				CLANG_WARN_DIRECT_OBJC_ISA_USAGE = YES_ERROR;
				CLANG_WARN_DOCUMENTATION_COMMENTS = YES;
				CLANG_WARN_EMPTY_BODY = YES;
				CLANG_WARN_ENUM_CONVERSION = YES;
				CLANG_WARN_INFINITE_RECURSION = YES;
				CLANG_WARN_INT_CONVERSION = YES;
				CLANG_WARN_NON_LITERAL_NULL_CONVERSION = YES;
				CLANG_WARN_OBJC_IMPLICIT_RETAIN_SELF = YES;
				CLANG_WARN_OBJC_LITERAL_CONVERSION = YES;
				CLANG_WARN_OBJC_ROOT_CLASS = YES_ERROR;
				CLANG_WARN_QUOTED_INCLUDE_IN_FRAMEWORK_HEADER = YES;
				CLANG_WARN_RANGE_LOOP_ANALYSIS = YES;
				CLANG_WARN_STRICT_PROTOTYPES = YES;
				CLANG_WARN_SUSPICIOUS_MOVE = YES;
				CLANG_WARN_UNGUARDED_AVAILABILITY = YES_AGGRESSIVE;
				CLANG_WARN_UNREACHABLE_CODE = YES;
				CLANG_WARN__DUPLICATE_METHOD_MATCH = YES;
				COPY_PHASE_STRIP = NO;
				DEBUG_INFORMATION_FORMAT = dwarf;
				ENABLE_STRICT_OBJC_MSGSEND = YES;
				ENABLE_TESTABILITY = YES;
				GCC_C_LANGUAGE_STANDARD = gnu11;
				GCC_DYNAMIC_NO_PIC = NO;
				GCC_NO_COMMON_BLOCKS = YES;
				GCC_OPTIMIZATION_LEVEL = 0;
				GCC_PREPROCESSOR_DEFINITIONS = (
					"DEBUG=1",
					"$(inherited)",
				);
				GCC_WARN_64_TO_32_BIT_CONVERSION = YES;
				GCC_WARN_ABOUT_RETURN_TYPE = YES_ERROR;
				GCC_WARN_UNDECLARED_SELECTOR = YES;
				GCC_WARN_UNINITIALIZED_AUTOS = YES_AGGRESSIVE;
				GCC_WARN_UNUSED_FUNCTION = YES;
				GCC_WARN_UNUSED_VARIABLE = YES;
				IPHONEOS_DEPLOYMENT_TARGET = 16.4;
				MTL_ENABLE_DEBUG_INFO = INCLUDE_SOURCE;
				MTL_FAST_MATH = YES;
				ONLY_ACTIVE_ARCH = YES;
				SDKROOT = iphoneos;
				SWIFT_ACTIVE_COMPILATION_CONDITIONS = DEBUG;
				SWIFT_OPTIMIZATION_LEVEL = "-Onone";
			};
			name = Debug;
		};
		69ABB2562A65EF020067548A /* Release */ = {
			isa = XCBuildConfiguration;
			buildSettings = {
				ALWAYS_SEARCH_USER_PATHS = NO;
				CLANG_ANALYZER_NONNULL = YES;
				CLANG_ANALYZER_NUMBER_OBJECT_CONVERSION = YES_AGGRESSIVE;
				CLANG_CXX_LANGUAGE_STANDARD = "gnu++20";
				CLANG_ENABLE_MODULES = YES;
				CLANG_ENABLE_OBJC_ARC = YES;
				CLANG_ENABLE_OBJC_WEAK = YES;
				CLANG_WARN_BLOCK_CAPTURE_AUTORELEASING = YES;
				CLANG_WARN_BOOL_CONVERSION = YES;
				CLANG_WARN_COMMA = YES;
				CLANG_WARN_CONSTANT_CONVERSION = YES;
				CLANG_WARN_DEPRECATED_OBJC_IMPLEMENTATIONS = YES;
				CLANG_WARN_DIRECT_OBJC_ISA_USAGE = YES_ERROR;
				CLANG_WARN_DOCUMENTATION_COMMENTS = YES;
				CLANG_WARN_EMPTY_BODY = YES;
				CLANG_WARN_ENUM_CONVERSION = YES;
				CLANG_WARN_INFINITE_RECURSION = YES;
				CLANG_WARN_INT_CONVERSION = YES;
				CLANG_WARN_NON_LITERAL_NULL_CONVERSION = YES;
				CLANG_WARN_OBJC_IMPLICIT_RETAIN_SELF = YES;
				CLANG_WARN_OBJC_LITERAL_CONVERSION = YES;
				CLANG_WARN_OBJC_ROOT_CLASS = YES_ERROR;
				CLANG_WARN_QUOTED_INCLUDE_IN_FRAMEWORK_HEADER = YES;
				CLANG_WARN_RANGE_LOOP_ANALYSIS = YES;
				CLANG_WARN_STRICT_PROTOTYPES = YES;
				CLANG_WARN_SUSPICIOUS_MOVE = YES;
				CLANG_WARN_UNGUARDED_AVAILABILITY = YES_AGGRESSIVE;
				CLANG_WARN_UNREACHABLE_CODE = YES;
				CLANG_WARN__DUPLICATE_METHOD_MATCH = YES;
				COPY_PHASE_STRIP = NO;
				DEBUG_INFORMATION_FORMAT = "dwarf-with-dsym";
				ENABLE_NS_ASSERTIONS = NO;
				ENABLE_STRICT_OBJC_MSGSEND = YES;
				GCC_C_LANGUAGE_STANDARD = gnu11;
				GCC_NO_COMMON_BLOCKS = YES;
				GCC_WARN_64_TO_32_BIT_CONVERSION = YES;
				GCC_WARN_ABOUT_RETURN_TYPE = YES_ERROR;
				GCC_WARN_UNDECLARED_SELECTOR = YES;
				GCC_WARN_UNINITIALIZED_AUTOS = YES_AGGRESSIVE;
				GCC_WARN_UNUSED_FUNCTION = YES;
				GCC_WARN_UNUSED_VARIABLE = YES;
				IPHONEOS_DEPLOYMENT_TARGET = 16.4;
				MTL_ENABLE_DEBUG_INFO = NO;
				MTL_FAST_MATH = YES;
				SDKROOT = iphoneos;
				SWIFT_COMPILATION_MODE = wholemodule;
				SWIFT_OPTIMIZATION_LEVEL = "-O";
				VALIDATE_PRODUCT = YES;
			};
			name = Release;
		};
		69ABB2582A65EF020067548A /* Debug */ = {
			isa = XCBuildConfiguration;
			buildSettings = {
				ASSETCATALOG_COMPILER_APPICON_NAME = AppIcon;
				ASSETCATALOG_COMPILER_GLOBAL_ACCENT_COLOR_NAME = AccentColor;
				CODE_SIGN_STYLE = Automatic;
				CURRENT_PROJECT_VERSION = 1;
				DEVELOPMENT_ASSET_PATHS = "\"Nevro/Preview Content\"";
				ENABLE_PREVIEWS = YES;
				GENERATE_INFOPLIST_FILE = YES;
				INFOPLIST_KEY_UIApplicationSceneManifest_Generation = YES;
				INFOPLIST_KEY_UIApplicationSupportsIndirectInputEvents = YES;
				INFOPLIST_KEY_UILaunchScreen_Generation = YES;
				INFOPLIST_KEY_UISupportedInterfaceOrientations_iPad = "UIInterfaceOrientationPortrait UIInterfaceOrientationPortraitUpsideDown UIInterfaceOrientationLandscapeLeft UIInterfaceOrientationLandscapeRight";
				INFOPLIST_KEY_UISupportedInterfaceOrientations_iPhone = "UIInterfaceOrientationPortrait UIInterfaceOrientationLandscapeLeft UIInterfaceOrientationLandscapeRight";
				LD_RUNPATH_SEARCH_PATHS = (
					"$(inherited)",
					"@executable_path/Frameworks",
				);
				MARKETING_VERSION = 1.0;
				PRODUCT_BUNDLE_IDENTIFIER = NevroOrg.Nevro;
				PRODUCT_NAME = "$(TARGET_NAME)";
				SWIFT_EMIT_LOC_STRINGS = YES;
				SWIFT_VERSION = 5.0;
				TARGETED_DEVICE_FAMILY = "1,2";
			};
			name = Debug;
		};
		69ABB2592A65EF020067548A /* Release */ = {
			isa = XCBuildConfiguration;
			buildSettings = {
				ASSETCATALOG_COMPILER_APPICON_NAME = AppIcon;
				ASSETCATALOG_COMPILER_GLOBAL_ACCENT_COLOR_NAME = AccentColor;
				CODE_SIGN_STYLE = Automatic;
				CURRENT_PROJECT_VERSION = 1;
				DEVELOPMENT_ASSET_PATHS = "\"Nevro/Preview Content\"";
				ENABLE_PREVIEWS = YES;
				GENERATE_INFOPLIST_FILE = YES;
				INFOPLIST_KEY_UIApplicationSceneManifest_Generation = YES;
				INFOPLIST_KEY_UIApplicationSupportsIndirectInputEvents = YES;
				INFOPLIST_KEY_UILaunchScreen_Generation = YES;
				INFOPLIST_KEY_UISupportedInterfaceOrientations_iPad = "UIInterfaceOrientationPortrait UIInterfaceOrientationPortraitUpsideDown UIInterfaceOrientationLandscapeLeft UIInterfaceOrientationLandscapeRight";
				INFOPLIST_KEY_UISupportedInterfaceOrientations_iPhone = "UIInterfaceOrientationPortrait UIInterfaceOrientationLandscapeLeft UIInterfaceOrientationLandscapeRight";
				LD_RUNPATH_SEARCH_PATHS = (
					"$(inherited)",
					"@executable_path/Frameworks",
				);
				MARKETING_VERSION = 1.0;
				PRODUCT_BUNDLE_IDENTIFIER = NevroOrg.Nevro;
				PRODUCT_NAME = "$(TARGET_NAME)";
				SWIFT_EMIT_LOC_STRINGS = YES;
				SWIFT_VERSION = 5.0;
				TARGETED_DEVICE_FAMILY = "1,2";
			};
			name = Release;
		};
/* End XCBuildConfiguration section */

/* Begin XCConfigurationList section */
		69ABB2442A65EF010067548A /* Build configuration list for PBXProject "Nevro" */ = {
			isa = XCConfigurationList;
			buildConfigurations = (
				69ABB2552A65EF020067548A /* Debug */,
				69ABB2562A65EF020067548A /* Release */,
			);
			defaultConfigurationIsVisible = 0;
			defaultConfigurationName = Release;
		};
		69ABB2572A65EF020067548A /* Build configuration list for PBXNativeTarget "Nevro" */ = {
			isa = XCConfigurationList;
			buildConfigurations = (
				69ABB2582A65EF020067548A /* Debug */,
				69ABB2592A65EF020067548A /* Release */,
			);
			defaultConfigurationIsVisible = 0;
			defaultConfigurationName = Release;
		};
/* End XCConfigurationList section */
	};
	rootObject = 69ABB2412A65EF010067548A /* Project object */;
}
